PODS:
  - Flutter (1.0.0)
  - rwfit_ble (0.0.8):
    - Flutter

DEPENDENCIES:
  - Flutter (from `Flutter`)
  - rwfit_ble (from `.symlinks/plugins/rwfit_ble/ios`)

EXTERNAL SOURCES:
  Flutter:
    :path: Flutter
  rwfit_ble:
    :path: ".symlinks/plugins/rwfit_ble/ios"

SPEC CHECKSUMS:
  Flutter: 71a624a5bc0c04062bf19101d501e466baf2fb47
  rwfit_ble: 52db8c05e920ab5d3ae539094c0e2141c9aa660e

PODFILE CHECKSUM: 3ba3a73b1b12adcf321a227a745625fe0888cc82

COCOAPODS: 1.16.2
